lockfileVersion: "9.0"

settings:
  autoInstallPeers: true
  excludeLinksFromLockfile: false

importers:
  .:
    dependencies:
      "@tailwindcss/vite":
        specifier: ^4.0.7
        version: 4.0.7(vite@5.4.11(lightningcss@1.29.1))
      prettier:
        specifier: ^3.5.2
        version: 3.5.2
    devDependencies:
      "@sveltejs/vite-plugin-svelte":
        specifier: ^3.1.2
        version: 3.1.2(svelte@4.2.19)(vite@5.4.11(lightningcss@1.29.1))
      "@tsconfig/svelte":
        specifier: ^5.0.4
        version: 5.0.4
      svelte:
        specifier: ^4.2.19
        version: 4.2.19
      svelte-check:
        specifier: ^4.1.4
        version: 4.1.4(svelte@4.2.19)(typescript@5.8.2)
      tailwindcss:
        specifier: ^4.0.9
        version: 4.0.9
      tslib:
        specifier: ^2.8.1
        version: 2.8.1
      typescript:
        specifier: ^5.8.2
        version: 5.8.2
      vite:
        specifier: ^5.4.11
        version: 5.4.11(lightningcss@1.29.1)

packages:
  "@ampproject/remapping@2.3.0":
    resolution: {
      integrity: sha512-30iZtAPgz+LTIYoeivqYo853f02jBYSd5uGnGpkFV0M3xOt9aN73erkgYAmZU43x4VfqcnLxW9Kpg3R5LC4YYw==,
    }
    engines: { node: ">=6.0.0" }

  "@esbuild/aix-ppc64@0.21.5":
    resolution: {
      integrity: sha512-1SDgH6ZSPTlggy1yI6+Dbkiz8xzpHJEVAlF/AM1tHPLsf5STom9rwtjE4hKAF20FfXXNTFqEYXyJNWh1GiZedQ==,
    }
    engines: { node: ">=12" }
    cpu: [ppc64]
    os: [aix]

  "@esbuild/android-arm64@0.21.5":
    resolution: {
      integrity: sha512-c0uX9VAUBQ7dTDCjq+wdyGLowMdtR/GoC2U5IYk/7D1H1JYC0qseD7+11iMP2mRLN9RcCMRcjC4YMclCzGwS/A==,
    }
    engines: { node: ">=12" }
    cpu: [arm64]
    os: [android]

  "@esbuild/android-arm@0.21.5":
    resolution: {
      integrity: sha512-vCPvzSjpPHEi1siZdlvAlsPxXl7WbOVUBBAowWug4rJHb68Ox8KualB+1ocNvT5fjv6wpkX6o/iEpbDrf68zcg==,
    }
    engines: { node: ">=12" }
    cpu: [arm]
    os: [android]

  "@esbuild/android-x64@0.21.5":
    resolution: {
      integrity: sha512-D7aPRUUNHRBwHxzxRvp856rjUHRFW1SdQATKXH2hqA0kAZb1hKmi02OpYRacl0TxIGz/ZmXWlbZgjwWYaCakTA==,
    }
    engines: { node: ">=12" }
    cpu: [x64]
    os: [android]

  "@esbuild/darwin-arm64@0.21.5":
    resolution: {
      integrity: sha512-DwqXqZyuk5AiWWf3UfLiRDJ5EDd49zg6O9wclZ7kUMv2WRFr4HKjXp/5t8JZ11QbQfUS6/cRCKGwYhtNAY88kQ==,
    }
    engines: { node: ">=12" }
    cpu: [arm64]
    os: [darwin]

  "@esbuild/darwin-x64@0.21.5":
    resolution: {
      integrity: sha512-se/JjF8NlmKVG4kNIuyWMV/22ZaerB+qaSi5MdrXtd6R08kvs2qCN4C09miupktDitvh8jRFflwGFBQcxZRjbw==,
    }
    engines: { node: ">=12" }
    cpu: [x64]
    os: [darwin]

  "@esbuild/freebsd-arm64@0.21.5":
    resolution: {
      integrity: sha512-5JcRxxRDUJLX8JXp/wcBCy3pENnCgBR9bN6JsY4OmhfUtIHe3ZW0mawA7+RDAcMLrMIZaf03NlQiX9DGyB8h4g==,
    }
    engines: { node: ">=12" }
    cpu: [arm64]
    os: [freebsd]

  "@esbuild/freebsd-x64@0.21.5":
    resolution: {
      integrity: sha512-J95kNBj1zkbMXtHVH29bBriQygMXqoVQOQYA+ISs0/2l3T9/kj42ow2mpqerRBxDJnmkUDCaQT/dfNXWX/ZZCQ==,
    }
    engines: { node: ">=12" }
    cpu: [x64]
    os: [freebsd]

  "@esbuild/linux-arm64@0.21.5":
    resolution: {
      integrity: sha512-ibKvmyYzKsBeX8d8I7MH/TMfWDXBF3db4qM6sy+7re0YXya+K1cem3on9XgdT2EQGMu4hQyZhan7TeQ8XkGp4Q==,
    }
    engines: { node: ">=12" }
    cpu: [arm64]
    os: [linux]

  "@esbuild/linux-arm@0.21.5":
    resolution: {
      integrity: sha512-bPb5AHZtbeNGjCKVZ9UGqGwo8EUu4cLq68E95A53KlxAPRmUyYv2D6F0uUI65XisGOL1hBP5mTronbgo+0bFcA==,
    }
    engines: { node: ">=12" }
    cpu: [arm]
    os: [linux]

  "@esbuild/linux-ia32@0.21.5":
    resolution: {
      integrity: sha512-YvjXDqLRqPDl2dvRODYmmhz4rPeVKYvppfGYKSNGdyZkA01046pLWyRKKI3ax8fbJoK5QbxblURkwK/MWY18Tg==,
    }
    engines: { node: ">=12" }
    cpu: [ia32]
    os: [linux]

  "@esbuild/linux-loong64@0.21.5":
    resolution: {
      integrity: sha512-uHf1BmMG8qEvzdrzAqg2SIG/02+4/DHB6a9Kbya0XDvwDEKCoC8ZRWI5JJvNdUjtciBGFQ5PuBlpEOXQj+JQSg==,
    }
    engines: { node: ">=12" }
    cpu: [loong64]
    os: [linux]

  "@esbuild/linux-mips64el@0.21.5":
    resolution: {
      integrity: sha512-IajOmO+KJK23bj52dFSNCMsz1QP1DqM6cwLUv3W1QwyxkyIWecfafnI555fvSGqEKwjMXVLokcV5ygHW5b3Jbg==,
    }
    engines: { node: ">=12" }
    cpu: [mips64el]
    os: [linux]

  "@esbuild/linux-ppc64@0.21.5":
    resolution: {
      integrity: sha512-1hHV/Z4OEfMwpLO8rp7CvlhBDnjsC3CttJXIhBi+5Aj5r+MBvy4egg7wCbe//hSsT+RvDAG7s81tAvpL2XAE4w==,
    }
    engines: { node: ">=12" }
    cpu: [ppc64]
    os: [linux]

  "@esbuild/linux-riscv64@0.21.5":
    resolution: {
      integrity: sha512-2HdXDMd9GMgTGrPWnJzP2ALSokE/0O5HhTUvWIbD3YdjME8JwvSCnNGBnTThKGEB91OZhzrJ4qIIxk/SBmyDDA==,
    }
    engines: { node: ">=12" }
    cpu: [riscv64]
    os: [linux]

  "@esbuild/linux-s390x@0.21.5":
    resolution: {
      integrity: sha512-zus5sxzqBJD3eXxwvjN1yQkRepANgxE9lgOW2qLnmr8ikMTphkjgXu1HR01K4FJg8h1kEEDAqDcZQtbrRnB41A==,
    }
    engines: { node: ">=12" }
    cpu: [s390x]
    os: [linux]

  "@esbuild/linux-x64@0.21.5":
    resolution: {
      integrity: sha512-1rYdTpyv03iycF1+BhzrzQJCdOuAOtaqHTWJZCWvijKD2N5Xu0TtVC8/+1faWqcP9iBCWOmjmhoH94dH82BxPQ==,
    }
    engines: { node: ">=12" }
    cpu: [x64]
    os: [linux]

  "@esbuild/netbsd-x64@0.21.5":
    resolution: {
      integrity: sha512-Woi2MXzXjMULccIwMnLciyZH4nCIMpWQAs049KEeMvOcNADVxo0UBIQPfSmxB3CWKedngg7sWZdLvLczpe0tLg==,
    }
    engines: { node: ">=12" }
    cpu: [x64]
    os: [netbsd]

  "@esbuild/openbsd-x64@0.21.5":
    resolution: {
      integrity: sha512-HLNNw99xsvx12lFBUwoT8EVCsSvRNDVxNpjZ7bPn947b8gJPzeHWyNVhFsaerc0n3TsbOINvRP2byTZ5LKezow==,
    }
    engines: { node: ">=12" }
    cpu: [x64]
    os: [openbsd]

  "@esbuild/sunos-x64@0.21.5":
    resolution: {
      integrity: sha512-6+gjmFpfy0BHU5Tpptkuh8+uw3mnrvgs+dSPQXQOv3ekbordwnzTVEb4qnIvQcYXq6gzkyTnoZ9dZG+D4garKg==,
    }
    engines: { node: ">=12" }
    cpu: [x64]
    os: [sunos]

  "@esbuild/win32-arm64@0.21.5":
    resolution: {
      integrity: sha512-Z0gOTd75VvXqyq7nsl93zwahcTROgqvuAcYDUr+vOv8uHhNSKROyU961kgtCD1e95IqPKSQKH7tBTslnS3tA8A==,
    }
    engines: { node: ">=12" }
    cpu: [arm64]
    os: [win32]

  "@esbuild/win32-ia32@0.21.5":
    resolution: {
      integrity: sha512-SWXFF1CL2RVNMaVs+BBClwtfZSvDgtL//G/smwAc5oVK/UPu2Gu9tIaRgFmYFFKrmg3SyAjSrElf0TiJ1v8fYA==,
    }
    engines: { node: ">=12" }
    cpu: [ia32]
    os: [win32]

  "@esbuild/win32-x64@0.21.5":
    resolution: {
      integrity: sha512-tQd/1efJuzPC6rCFwEvLtci/xNFcTZknmXs98FYDfGE4wP9ClFV98nyKrzJKVPMhdDnjzLhdUyMX4PsQAPjwIw==,
    }
    engines: { node: ">=12" }
    cpu: [x64]
    os: [win32]

  "@jridgewell/gen-mapping@0.3.5":
    resolution: {
      integrity: sha512-IzL8ZoEDIBRWEzlCcRhOaCupYyN5gdIK+Q6fbFdPDg6HqX6jpkItn7DFIpW9LQzXG6Df9sA7+OKnq0qlz/GaQg==,
    }
    engines: { node: ">=6.0.0" }

  "@jridgewell/resolve-uri@3.1.2":
    resolution: {
      integrity: sha512-bRISgCIjP20/tbWSPWMEi54QVPRZExkuD9lJL+UIxUKtwVJA8wW1Trb1jMs1RFXo1CBTNZ/5hpC9QvmKWdopKw==,
    }
    engines: { node: ">=6.0.0" }

  "@jridgewell/set-array@1.2.1":
    resolution: {
      integrity: sha512-R8gLRTZeyp03ymzP/6Lil/28tGeGEzhx1q2k703KGWRAI1VdvPIXdG70VJc2pAMw3NA6JKL5hhFu1sJX0Mnn/A==,
    }
    engines: { node: ">=6.0.0" }

  "@jridgewell/sourcemap-codec@1.5.0":
    resolution: {
      integrity: sha512-gv3ZRaISU3fjPAgNsriBRqGWQL6quFx04YMPW/zD8XMLsU32mhCCbfbO6KZFLjvYpCZ8zyDEgqsgf+PwPaM7GQ==,
    }

  "@jridgewell/trace-mapping@0.3.25":
    resolution: {
      integrity: sha512-vNk6aEwybGtawWmy/PzwnGDOjCkLWSD2wqvjGGAgOAwCGWySYXfYoxt00IJkTF+8Lb57DwOb3Aa0o9CApepiYQ==,
    }

  "@rollup/rollup-android-arm-eabi@4.21.0":
    resolution: {
      integrity: sha512-WTWD8PfoSAJ+qL87lE7votj3syLavxunWhzCnx3XFxFiI/BA/r3X7MUM8dVrH8rb2r4AiO8jJsr3ZjdaftmnfA==,
    }
    cpu: [arm]
    os: [android]

  "@rollup/rollup-android-arm64@4.21.0":
    resolution: {
      integrity: sha512-a1sR2zSK1B4eYkiZu17ZUZhmUQcKjk2/j9Me2IDjk1GHW7LB5Z35LEzj9iJch6gtUfsnvZs1ZNyDW2oZSThrkA==,
    }
    cpu: [arm64]
    os: [android]

  "@rollup/rollup-darwin-arm64@4.21.0":
    resolution: {
      integrity: sha512-zOnKWLgDld/svhKO5PD9ozmL6roy5OQ5T4ThvdYZLpiOhEGY+dp2NwUmxK0Ld91LrbjrvtNAE0ERBwjqhZTRAA==,
    }
    cpu: [arm64]
    os: [darwin]

  "@rollup/rollup-darwin-x64@4.21.0":
    resolution: {
      integrity: sha512-7doS8br0xAkg48SKE2QNtMSFPFUlRdw9+votl27MvT46vo44ATBmdZdGysOevNELmZlfd+NEa0UYOA8f01WSrg==,
    }
    cpu: [x64]
    os: [darwin]

  "@rollup/rollup-linux-arm-gnueabihf@4.21.0":
    resolution: {
      integrity: sha512-pWJsfQjNWNGsoCq53KjMtwdJDmh/6NubwQcz52aEwLEuvx08bzcy6tOUuawAOncPnxz/3siRtd8hiQ32G1y8VA==,
    }
    cpu: [arm]
    os: [linux]

  "@rollup/rollup-linux-arm-musleabihf@4.21.0":
    resolution: {
      integrity: sha512-efRIANsz3UHZrnZXuEvxS9LoCOWMGD1rweciD6uJQIx2myN3a8Im1FafZBzh7zk1RJ6oKcR16dU3UPldaKd83w==,
    }
    cpu: [arm]
    os: [linux]

  "@rollup/rollup-linux-arm64-gnu@4.21.0":
    resolution: {
      integrity: sha512-ZrPhydkTVhyeGTW94WJ8pnl1uroqVHM3j3hjdquwAcWnmivjAwOYjTEAuEDeJvGX7xv3Z9GAvrBkEzCgHq9U1w==,
    }
    cpu: [arm64]
    os: [linux]

  "@rollup/rollup-linux-arm64-musl@4.21.0":
    resolution: {
      integrity: sha512-cfaupqd+UEFeURmqNP2eEvXqgbSox/LHOyN9/d2pSdV8xTrjdg3NgOFJCtc1vQ/jEke1qD0IejbBfxleBPHnPw==,
    }
    cpu: [arm64]
    os: [linux]

  "@rollup/rollup-linux-powerpc64le-gnu@4.21.0":
    resolution: {
      integrity: sha512-ZKPan1/RvAhrUylwBXC9t7B2hXdpb/ufeu22pG2psV7RN8roOfGurEghw1ySmX/CmDDHNTDDjY3lo9hRlgtaHg==,
    }
    cpu: [ppc64]
    os: [linux]

  "@rollup/rollup-linux-riscv64-gnu@4.21.0":
    resolution: {
      integrity: sha512-H1eRaCwd5E8eS8leiS+o/NqMdljkcb1d6r2h4fKSsCXQilLKArq6WS7XBLDu80Yz+nMqHVFDquwcVrQmGr28rg==,
    }
    cpu: [riscv64]
    os: [linux]

  "@rollup/rollup-linux-s390x-gnu@4.21.0":
    resolution: {
      integrity: sha512-zJ4hA+3b5tu8u7L58CCSI0A9N1vkfwPhWd/puGXwtZlsB5bTkwDNW/+JCU84+3QYmKpLi+XvHdmrlwUwDA6kqw==,
    }
    cpu: [s390x]
    os: [linux]

  "@rollup/rollup-linux-x64-gnu@4.21.0":
    resolution: {
      integrity: sha512-e2hrvElFIh6kW/UNBQK/kzqMNY5mO+67YtEh9OA65RM5IJXYTWiXjX6fjIiPaqOkBthYF1EqgiZ6OXKcQsM0hg==,
    }
    cpu: [x64]
    os: [linux]

  "@rollup/rollup-linux-x64-musl@4.21.0":
    resolution: {
      integrity: sha512-1vvmgDdUSebVGXWX2lIcgRebqfQSff0hMEkLJyakQ9JQUbLDkEaMsPTLOmyccyC6IJ/l3FZuJbmrBw/u0A0uCQ==,
    }
    cpu: [x64]
    os: [linux]

  "@rollup/rollup-win32-arm64-msvc@4.21.0":
    resolution: {
      integrity: sha512-s5oFkZ/hFcrlAyBTONFY1TWndfyre1wOMwU+6KCpm/iatybvrRgmZVM+vCFwxmC5ZhdlgfE0N4XorsDpi7/4XQ==,
    }
    cpu: [arm64]
    os: [win32]

  "@rollup/rollup-win32-ia32-msvc@4.21.0":
    resolution: {
      integrity: sha512-G9+TEqRnAA6nbpqyUqgTiopmnfgnMkR3kMukFBDsiyy23LZvUCpiUwjTRx6ezYCjJODXrh52rBR9oXvm+Fp5wg==,
    }
    cpu: [ia32]
    os: [win32]

  "@rollup/rollup-win32-x64-msvc@4.21.0":
    resolution: {
      integrity: sha512-2jsCDZwtQvRhejHLfZ1JY6w6kEuEtfF9nzYsZxzSlNVKDX+DpsDJ+Rbjkm74nvg2rdx0gwBS+IMdvwJuq3S9pQ==,
    }
    cpu: [x64]
    os: [win32]

  "@sveltejs/vite-plugin-svelte-inspector@2.1.0":
    resolution: {
      integrity: sha512-9QX28IymvBlSCqsCll5t0kQVxipsfhFFL+L2t3nTWfXnddYwxBuAEtTtlaVQpRz9c37BhJjltSeY4AJSC03SSg==,
    }
    engines: { node: ^18.0.0 || >=20 }
    peerDependencies:
      "@sveltejs/vite-plugin-svelte": ^3.0.0
      svelte: ^4.0.0 || ^5.0.0-next.0
      vite: ^5.0.0

  "@sveltejs/vite-plugin-svelte@3.1.2":
    resolution: {
      integrity: sha512-Txsm1tJvtiYeLUVRNqxZGKR/mI+CzuIQuc2gn+YCs9rMTowpNZ2Nqt53JdL8KF9bLhAf2ruR/dr9eZCwdTriRA==,
    }
    engines: { node: ^18.0.0 || >=20 }
    peerDependencies:
      svelte: ^4.0.0 || ^5.0.0-next.0
      vite: ^5.0.0

  "@tailwindcss/node@4.0.7":
    resolution: {
      integrity: sha512-dkFXufkbRB2mu3FPsW5xLAUWJyexpJA+/VtQj18k3SUiJVLdpgzBd1v1gRRcIpEJj7K5KpxBKfOXlZxT3ZZRuA==,
    }

  "@tailwindcss/oxide-android-arm64@4.0.7":
    resolution: {
      integrity: sha512-5iQXXcAeOHBZy8ASfHFm1k0O/9wR2E3tKh6+P+ilZZbQiMgu+qrnfpBWYPc3FPuQdWiWb73069WT5D+CAfx/tg==,
    }
    engines: { node: ">= 10" }
    cpu: [arm64]
    os: [android]

  "@tailwindcss/oxide-darwin-arm64@4.0.7":
    resolution: {
      integrity: sha512-7yGZtEc5IgVYylqK/2B0yVqoofk4UAbkn1ygNpIJZyrOhbymsfr8uUFCueTu2fUxmAYIfMZ8waWo2dLg/NgLgg==,
    }
    engines: { node: ">= 10" }
    cpu: [arm64]
    os: [darwin]

  "@tailwindcss/oxide-darwin-x64@4.0.7":
    resolution: {
      integrity: sha512-tPQDV20fBjb26yWbPqT1ZSoDChomMCiXTKn4jupMSoMCFyU7+OJvIY1ryjqBuY622dEBJ8LnCDDWsnj1lX9nNQ==,
    }
    engines: { node: ">= 10" }
    cpu: [x64]
    os: [darwin]

  "@tailwindcss/oxide-freebsd-x64@4.0.7":
    resolution: {
      integrity: sha512-sZqJpTyTZiknU9LLHuByg5GKTW+u3FqM7q7myequAXxKOpAFiOfXpY710FuMY+gjzSapyRbDXJlsTQtCyiTo5w==,
    }
    engines: { node: ">= 10" }
    cpu: [x64]
    os: [freebsd]

  "@tailwindcss/oxide-linux-arm-gnueabihf@4.0.7":
    resolution: {
      integrity: sha512-PBgvULgeSswjd8cbZ91gdIcIDMdc3TUHV5XemEpxlqt9M8KoydJzkuB/Dt910jYdofOIaTWRL6adG9nJICvU4A==,
    }
    engines: { node: ">= 10" }
    cpu: [arm]
    os: [linux]

  "@tailwindcss/oxide-linux-arm64-gnu@4.0.7":
    resolution: {
      integrity: sha512-By/a2yeh+e9b+C67F88ndSwVJl2A3tcUDb29FbedDi+DZ4Mr07Oqw9Y1DrDrtHIDhIZ3bmmiL1dkH2YxrtV+zw==,
    }
    engines: { node: ">= 10" }
    cpu: [arm64]
    os: [linux]

  "@tailwindcss/oxide-linux-arm64-musl@4.0.7":
    resolution: {
      integrity: sha512-WHYs3cpPEJb/ccyT20NOzopYQkl7JKncNBUbb77YFlwlXMVJLLV3nrXQKhr7DmZxz2ZXqjyUwsj2rdzd9stYdw==,
    }
    engines: { node: ">= 10" }
    cpu: [arm64]
    os: [linux]

  "@tailwindcss/oxide-linux-x64-gnu@4.0.7":
    resolution: {
      integrity: sha512-7bP1UyuX9kFxbOwkeIJhBZNevKYPXB6xZI37v09fqi6rqRJR8elybwjMUHm54GVP+UTtJ14ueB1K54Dy1tIO6w==,
    }
    engines: { node: ">= 10" }
    cpu: [x64]
    os: [linux]

  "@tailwindcss/oxide-linux-x64-musl@4.0.7":
    resolution: {
      integrity: sha512-gBQIV8nL/LuhARNGeroqzXymMzzW5wQzqlteVqOVoqwEfpHOP3GMird5pGFbnpY+NP0fOlsZGrxxOPQ4W/84bQ==,
    }
    engines: { node: ">= 10" }
    cpu: [x64]
    os: [linux]

  "@tailwindcss/oxide-win32-arm64-msvc@4.0.7":
    resolution: {
      integrity: sha512-aH530NFfx0kpQpvYMfWoeG03zGnRCMVlQG8do/5XeahYydz+6SIBxA1tl/cyITSJyWZHyVt6GVNkXeAD30v0Xg==,
    }
    engines: { node: ">= 10" }
    cpu: [arm64]
    os: [win32]

  "@tailwindcss/oxide-win32-x64-msvc@4.0.7":
    resolution: {
      integrity: sha512-8Cva6bbJN7ZJx320k7vxGGdU0ewmpfS5A4PudyzUuofdi8MgeINuiiWiPQ0VZCda/GX88K6qp+6UpDZNVr8HMQ==,
    }
    engines: { node: ">= 10" }
    cpu: [x64]
    os: [win32]

  "@tailwindcss/oxide@4.0.7":
    resolution: {
      integrity: sha512-yr6w5YMgjy+B+zkJiJtIYGXW+HNYOPfRPtSs+aqLnKwdEzNrGv4ZuJh9hYJ3mcA+HMq/K1rtFV+KsEr65S558g==,
    }
    engines: { node: ">= 10" }

  "@tailwindcss/vite@4.0.7":
    resolution: {
      integrity: sha512-GYx5sxArfIMtdZCsxfya3S/efMmf4RvfqdiLUozkhmSFBNUFnYVodatpoO/en4/BsOIGvq/RB6HwcTLn9prFnQ==,
    }
    peerDependencies:
      vite: ^5.2.0 || ^6

  "@tsconfig/svelte@5.0.4":
    resolution: {
      integrity: sha512-BV9NplVgLmSi4mwKzD8BD/NQ8erOY/nUE/GpgWe2ckx+wIQF5RyRirn/QsSSCPeulVpc3RA/iJt6DpfTIZps0Q==,
    }

  "@types/estree@1.0.5":
    resolution: {
      integrity: sha512-/kYRxGDLWzHOB7q+wtSUQlFrtcdUccpfy+X+9iMBpHK8QLLhx2wIPYuS5DYtR9Wa/YlZAbIovy7qVdB1Aq6Lyw==,
    }

  acorn@8.12.1:
    resolution: {
      integrity: sha512-tcpGyI9zbizT9JbV6oYE477V6mTlXvvi0T0G3SNIYE2apm/G5huBa1+K89VGeovbg+jycCrfhl3ADxErOuO6Jg==,
    }
    engines: { node: ">=0.4.0" }
    hasBin: true

  aria-query@5.3.0:
    resolution: {
      integrity: sha512-b0P0sZPKtyu8HkeRAfCq0IfURZK+SuwMjY1UXGBU27wpAiTwQAIlq56IbIO+ytk/JjS1fMR14ee5WBBfKi5J6A==,
    }

  axobject-query@4.0.0:
    resolution: {
      integrity: sha512-+60uv1hiVFhHZeO+Lz0RYzsVHy5Wr1ayX0mwda9KPDVLNJgZ1T9Ny7VmFbLDzxsH0D87I86vgj3gFrjTJUYznw==,
    }

  chokidar@4.0.1:
    resolution: {
      integrity: sha512-n8enUVCED/KVRQlab1hr3MVpcVMvxtZjmEa956u+4YijlmQED223XMSYj2tLuKvr4jcCTzNNMpQDUer72MMmzA==,
    }
    engines: { node: ">= 14.16.0" }

  code-red@1.0.4:
    resolution: {
      integrity: sha512-7qJWqItLA8/VPVlKJlFXU+NBlo/qyfs39aJcuMT/2ere32ZqvF5OSxgdM5xOfJJ7O429gg2HM47y8v9P+9wrNw==,
    }

  css-tree@2.3.1:
    resolution: {
      integrity: sha512-6Fv1DV/TYw//QF5IzQdqsNDjx/wc8TrMBZsqjL9eW01tWb7R7k/mq+/VXfJCl7SoD5emsJop9cOByJZfs8hYIw==,
    }
    engines: { node: ^10 || ^12.20.0 || ^14.13.0 || >=15.0.0 }

  debug@4.3.5:
    resolution: {
      integrity: sha512-pt0bNEmneDIvdL1Xsd9oDQ/wrQRkXDT4AUWlNZNPKvW5x/jyO9VFXkJUP07vQ2upmw5PlaITaPKc31jK13V+jg==,
    }
    engines: { node: ">=6.0" }
    peerDependencies:
      supports-color: "*"
    peerDependenciesMeta:
      supports-color:
        optional: true

  deepmerge@4.3.1:
    resolution: {
      integrity: sha512-3sUqbMEc77XqpdNO7FRyRog+eW3ph+GYCbj+rK+uYyRMuwsVy0rMiVtPn+QJlKFvWP/1PYpapqYn0Me2knFn+A==,
    }
    engines: { node: ">=0.10.0" }

  dequal@2.0.3:
    resolution: {
      integrity: sha512-0je+qPKHEMohvfRTCEo3CrPG6cAzAYgmzKyxRiYSSDkS6eGJdyVJm7WaYA5ECaAD9wLB2T4EEeymA5aFVcYXCA==,
    }
    engines: { node: ">=6" }

  detect-libc@1.0.3:
    resolution: {
      integrity: sha512-pGjwhsmsp4kL2RTz08wcOlGN83otlqHeD/Z5T8GXZB+/YcpQ/dgo+lbU8ZsGxV0HIvqqxo9l7mqYwyYMD9bKDg==,
    }
    engines: { node: ">=0.10" }
    hasBin: true

  enhanced-resolve@5.18.1:
    resolution: {
      integrity: sha512-ZSW3ma5GkcQBIpwZTSRAI8N71Uuwgs93IezB7mf7R60tC8ZbJideoDNKjHn2O9KIlx6rkGTTEk1xUCK2E1Y2Yg==,
    }
    engines: { node: ">=10.13.0" }

  esbuild@0.21.5:
    resolution: {
      integrity: sha512-mg3OPMV4hXywwpoDxu3Qda5xCKQi+vCTZq8S9J/EpkhB2HzKXq4SNFZE3+NK93JYxc8VMSep+lOUSC/RVKaBqw==,
    }
    engines: { node: ">=12" }
    hasBin: true

  estree-walker@3.0.3:
    resolution: {
      integrity: sha512-7RUKfXgSMMkzt6ZuXmqapOurLGPPfgj6l9uRZ7lRGolvk0y2yocc35LdcxKC5PQZdn2DMqioAQ2NoWcrTKmm6g==,
    }

  fdir@6.3.0:
    resolution: {
      integrity: sha512-QOnuT+BOtivR77wYvCWHfGt9s4Pz1VIMbD463vegT5MLqNXy8rYFT/lPVEqf/bhYeT6qmqrNHhsX+rWwe3rOCQ==,
    }
    peerDependencies:
      picomatch: ^3 || ^4
    peerDependenciesMeta:
      picomatch:
        optional: true

  fsevents@2.3.3:
    resolution: {
      integrity: sha512-5xoDfX+fL7faATnagmWPpbFtwh/R77WmMMqqHGS65C3vvB0YHrgF+B1YmZ3441tMj5n63k0212XNoJwzlhffQw==,
    }
    engines: { node: ^8.16.0 || ^10.6.0 || >=11.0.0 }
    os: [darwin]

  graceful-fs@4.2.11:
    resolution: {
      integrity: sha512-RbJ5/jmFcNNCcDV5o9eTnBLJ/HszWV0P73bc+Ff4nS/rJj+YaS6IGyiOL0VoBYX+l1Wrl3k63h/KrH+nhJ0XvQ==,
    }

  is-reference@3.0.2:
    resolution: {
      integrity: sha512-v3rht/LgVcsdZa3O2Nqs+NMowLOxeOm7Ay9+/ARQ2F+qEoANRcqrjAZKGN0v8ymUetZGgkp26LTnGT7H0Qo9Pg==,
    }

  jiti@2.4.2:
    resolution: {
      integrity: sha512-rg9zJN+G4n2nfJl5MW3BMygZX56zKPNVEYYqq7adpmMh4Jn2QNEwhvQlFy6jPVdcod7txZtKHWnyZiA3a0zP7A==,
    }
    hasBin: true

  kleur@4.1.5:
    resolution: {
      integrity: sha512-o+NO+8WrRiQEE4/7nwRJhN1HWpVmJm511pBHUxPLtp0BUISzlBplORYSmTclCnJvQq2tKu/sgl3xVpkc7ZWuQQ==,
    }
    engines: { node: ">=6" }

  lightningcss-darwin-arm64@1.29.1:
    resolution: {
      integrity: sha512-HtR5XJ5A0lvCqYAoSv2QdZZyoHNttBpa5EP9aNuzBQeKGfbyH5+UipLWvVzpP4Uml5ej4BYs5I9Lco9u1fECqw==,
    }
    engines: { node: ">= 12.0.0" }
    cpu: [arm64]
    os: [darwin]

  lightningcss-darwin-x64@1.29.1:
    resolution: {
      integrity: sha512-k33G9IzKUpHy/J/3+9MCO4e+PzaFblsgBjSGlpAaFikeBFm8B/CkO3cKU9oI4g+fjS2KlkLM/Bza9K/aw8wsNA==,
    }
    engines: { node: ">= 12.0.0" }
    cpu: [x64]
    os: [darwin]

  lightningcss-freebsd-x64@1.29.1:
    resolution: {
      integrity: sha512-0SUW22fv/8kln2LnIdOCmSuXnxgxVC276W5KLTwoehiO0hxkacBxjHOL5EtHD8BAXg2BvuhsJPmVMasvby3LiQ==,
    }
    engines: { node: ">= 12.0.0" }
    cpu: [x64]
    os: [freebsd]

  lightningcss-linux-arm-gnueabihf@1.29.1:
    resolution: {
      integrity: sha512-sD32pFvlR0kDlqsOZmYqH/68SqUMPNj+0pucGxToXZi4XZgZmqeX/NkxNKCPsswAXU3UeYgDSpGhu05eAufjDg==,
    }
    engines: { node: ">= 12.0.0" }
    cpu: [arm]
    os: [linux]

  lightningcss-linux-arm64-gnu@1.29.1:
    resolution: {
      integrity: sha512-0+vClRIZ6mmJl/dxGuRsE197o1HDEeeRk6nzycSy2GofC2JsY4ifCRnvUWf/CUBQmlrvMzt6SMQNMSEu22csWQ==,
    }
    engines: { node: ">= 12.0.0" }
    cpu: [arm64]
    os: [linux]

  lightningcss-linux-arm64-musl@1.29.1:
    resolution: {
      integrity: sha512-UKMFrG4rL/uHNgelBsDwJcBqVpzNJbzsKkbI3Ja5fg00sgQnHw/VrzUTEc4jhZ+AN2BvQYz/tkHu4vt1kLuJyw==,
    }
    engines: { node: ">= 12.0.0" }
    cpu: [arm64]
    os: [linux]

  lightningcss-linux-x64-gnu@1.29.1:
    resolution: {
      integrity: sha512-u1S+xdODy/eEtjADqirA774y3jLcm8RPtYztwReEXoZKdzgsHYPl0s5V52Tst+GKzqjebkULT86XMSxejzfISw==,
    }
    engines: { node: ">= 12.0.0" }
    cpu: [x64]
    os: [linux]

  lightningcss-linux-x64-musl@1.29.1:
    resolution: {
      integrity: sha512-L0Tx0DtaNUTzXv0lbGCLB/c/qEADanHbu4QdcNOXLIe1i8i22rZRpbT3gpWYsCh9aSL9zFujY/WmEXIatWvXbw==,
    }
    engines: { node: ">= 12.0.0" }
    cpu: [x64]
    os: [linux]

  lightningcss-win32-arm64-msvc@1.29.1:
    resolution: {
      integrity: sha512-QoOVnkIEFfbW4xPi+dpdft/zAKmgLgsRHfJalEPYuJDOWf7cLQzYg0DEh8/sn737FaeMJxHZRc1oBreiwZCjog==,
    }
    engines: { node: ">= 12.0.0" }
    cpu: [arm64]
    os: [win32]

  lightningcss-win32-x64-msvc@1.29.1:
    resolution: {
      integrity: sha512-NygcbThNBe4JElP+olyTI/doBNGJvLs3bFCRPdvuCcxZCcCZ71B858IHpdm7L1btZex0FvCmM17FK98Y9MRy1Q==,
    }
    engines: { node: ">= 12.0.0" }
    cpu: [x64]
    os: [win32]

  lightningcss@1.29.1:
    resolution: {
      integrity: sha512-FmGoeD4S05ewj+AkhTY+D+myDvXI6eL27FjHIjoyUkO/uw7WZD1fBVs0QxeYWa7E17CUHJaYX/RUGISCtcrG4Q==,
    }
    engines: { node: ">= 12.0.0" }

  locate-character@3.0.0:
    resolution: {
      integrity: sha512-SW13ws7BjaeJ6p7Q6CO2nchbYEc3X3J6WrmTTDto7yMPqVSZTUyY5Tjbid+Ab8gLnATtygYtiDIJGQRRn2ZOiA==,
    }

  magic-string@0.30.10:
    resolution: {
      integrity: sha512-iIRwTIf0QKV3UAnYK4PU8uiEc4SRh5jX0mwpIwETPpHdhVM4f53RSwS/vXvN1JhGX+Cs7B8qIq3d6AH49O5fAQ==,
    }

  mdn-data@2.0.30:
    resolution: {
      integrity: sha512-GaqWWShW4kv/G9IEucWScBx9G1/vsFZZJUO+tD26M8J8z3Kw5RDQjaoZe03YAClgeS/SWPOcb4nkFBTEi5DUEA==,
    }

  mri@1.2.0:
    resolution: {
      integrity: sha512-tzzskb3bG8LvYGFF/mDTpq3jpI6Q9wc3LEmBaghu+DdCssd1FakN7Bc0hVNmEyGq1bq3RgfkCb3cmQLpNPOroA==,
    }
    engines: { node: ">=4" }

  ms@2.1.2:
    resolution: {
      integrity: sha512-sGkPx+VjMtmA6MX27oA4FBFELFCZZ4S4XqeGOXCv68tT+jb3vk/RyaKWP0PTKyWtmLSM0b+adUTEvbs1PEaH2w==,
    }

  nanoid@3.3.8:
    resolution: {
      integrity: sha512-WNLf5Sd8oZxOm+TzppcYk8gVOgP+l58xNy58D0nbUnOxOWRWvlcCV4kUF7ltmI6PsrLl/BgKEyS4mqsGChFN0w==,
    }
    engines: { node: ^10 || ^12 || ^13.7 || ^14 || >=15.0.1 }
    hasBin: true

  periscopic@3.1.0:
    resolution: {
      integrity: sha512-vKiQ8RRtkl9P+r/+oefh25C3fhybptkHKCZSPlcXiJux2tJF55GnEj3BVn4A5gKfq9NWWXXrxkHBwVPUfH0opw==,
    }

  picocolors@1.1.1:
    resolution: {
      integrity: sha512-xceH2snhtb5M9liqDsmEw56le376mTZkEX/jEb/RxNFyegNul7eNslCXP9FDj/Lcu0X8KEyMceP2ntpaHrDEVA==,
    }

  postcss@8.5.2:
    resolution: {
      integrity: sha512-MjOadfU3Ys9KYoX0AdkBlFEF1Vx37uCCeN4ZHnmwm9FfpbsGWMZeBLMmmpY+6Ocqod7mkdZ0DT31OlbsFrLlkA==,
    }
    engines: { node: ^10 || ^12 || >=14 }

  prettier@3.5.2:
    resolution: {
      integrity: sha512-lc6npv5PH7hVqozBR7lkBNOGXV9vMwROAPlumdBkX0wTbbzPu/U1hk5yL8p2pt4Xoc+2mkT8t/sow2YrV/M5qg==,
    }
    engines: { node: ">=14" }
    hasBin: true

  readdirp@4.0.1:
    resolution: {
      integrity: sha512-GkMg9uOTpIWWKbSsgwb5fA4EavTR+SG/PMPoAY8hkhHfEEY0/vqljY+XHqtDf2cr2IJtoNRDbrrEpZUiZCkYRw==,
    }
    engines: { node: ">= 14.16.0" }

  rollup@4.21.0:
    resolution: {
      integrity: sha512-vo+S/lfA2lMS7rZ2Qoubi6I5hwZwzXeUIctILZLbHI+laNtvhhOIon2S1JksA5UEDQ7l3vberd0fxK44lTYjbQ==,
    }
    engines: { node: ">=18.0.0", npm: ">=8.0.0" }
    hasBin: true

  sade@1.8.1:
    resolution: {
      integrity: sha512-xal3CZX1Xlo/k4ApwCFrHVACi9fBqJ7V+mwhBsuf/1IOKbBy098Fex+Wa/5QMubw09pSZ/u8EY8PWgevJsXp1A==,
    }
    engines: { node: ">=6" }

  source-map-js@1.2.1:
    resolution: {
      integrity: sha512-UXWMKhLOwVKb728IUtQPXxfYU+usdybtUrK/8uGE8CQMvrhOpwvzDBwj0QhSL7MQc7vIsISBG8VQ8+IDQxpfQA==,
    }
    engines: { node: ">=0.10.0" }

  svelte-check@4.1.4:
    resolution: {
      integrity: sha512-v0j7yLbT29MezzaQJPEDwksybTE2Ups9rUxEXy92T06TiA0cbqcO8wAOwNUVkFW6B0hsYHA+oAX3BS8b/2oHtw==,
    }
    engines: { node: ">= 18.0.0" }
    hasBin: true
    peerDependencies:
      svelte: ^4.0.0 || ^5.0.0-next.0
      typescript: ">=5.0.0"

  svelte-hmr@0.16.0:
    resolution: {
      integrity: sha512-Gyc7cOS3VJzLlfj7wKS0ZnzDVdv3Pn2IuVeJPk9m2skfhcu5bq3wtIZyQGggr7/Iim5rH5cncyQft/kRLupcnA==,
    }
    engines: { node: ^12.20 || ^14.13.1 || >= 16 }
    peerDependencies:
      svelte: ^3.19.0 || ^4.0.0

  svelte@4.2.19:
    resolution: {
      integrity: sha512-IY1rnGr6izd10B0A8LqsBfmlT5OILVuZ7XsI0vdGPEvuonFV7NYEUK4dAkm9Zg2q0Um92kYjTpS1CAP3Nh/KWw==,
    }
    engines: { node: ">=16" }

  tailwindcss@4.0.7:
    resolution: {
      integrity: sha512-yH5bPPyapavo7L+547h3c4jcBXcrKwybQRjwdEIVAd9iXRvy/3T1CC6XSQEgZtRySjKfqvo3Cc0ZF1DTheuIdA==,
    }

  tailwindcss@4.0.9:
    resolution: {
      integrity: sha512-12laZu+fv1ONDRoNR9ipTOpUD7RN9essRVkX36sjxuRUInpN7hIiHN4lBd/SIFjbISvnXzp8h/hXzmU8SQQYhw==,
    }

  tapable@2.2.1:
    resolution: {
      integrity: sha512-GNzQvQTOIP6RyTfE2Qxb8ZVlNmw0n88vp1szwWRimP02mnTsx3Wtn5qRdqY9w2XduFNUgvOwhNnQsjwCp+kqaQ==,
    }
    engines: { node: ">=6" }

  tslib@2.8.1:
    resolution: {
      integrity: sha512-oJFu94HQb+KVduSUQL7wnpmqnfmLsOA/nAh6b6EH0wCEoK0/mPeXU6c3wKDV83MkOuHPRHtSXKKU99IBazS/2w==,
    }

  typescript@5.8.2:
    resolution: {
      integrity: sha512-aJn6wq13/afZp/jT9QZmwEjDqqvSGp1VT5GVg+f/t6/oVyrgXM6BY1h9BRh/O5p3PlUPAe+WuiEZOmb/49RqoQ==,
    }
    engines: { node: ">=14.17" }
    hasBin: true

  vite@5.4.11:
    resolution: {
      integrity: sha512-c7jFQRklXua0mTzneGW9QVyxFjUgwcihC4bXEtujIo2ouWCe1Ajt/amn2PCxYnhYfd5k09JX3SB7OYWFKYqj8Q==,
    }
    engines: { node: ^18.0.0 || >=20.0.0 }
    hasBin: true
    peerDependencies:
      "@types/node": ^18.0.0 || >=20.0.0
      less: "*"
      lightningcss: ^1.21.0
      sass: "*"
      sass-embedded: "*"
      stylus: "*"
      sugarss: "*"
      terser: ^5.4.0
    peerDependenciesMeta:
      "@types/node":
        optional: true
      less:
        optional: true
      lightningcss:
        optional: true
      sass:
        optional: true
      sass-embedded:
        optional: true
      stylus:
        optional: true
      sugarss:
        optional: true
      terser:
        optional: true

  vitefu@0.2.5:
    resolution: {
      integrity: sha512-SgHtMLoqaeeGnd2evZ849ZbACbnwQCIwRH57t18FxcXoZop0uQu0uzlIhJBlF/eWVzuce0sHeqPcDo+evVcg8Q==,
    }
    peerDependencies:
      vite: ^3.0.0 || ^4.0.0 || ^5.0.0
    peerDependenciesMeta:
      vite:
        optional: true

snapshots:
  "@ampproject/remapping@2.3.0":
    dependencies:
      "@jridgewell/gen-mapping": 0.3.5
      "@jridgewell/trace-mapping": 0.3.25

  "@esbuild/aix-ppc64@0.21.5":
    optional: true

  "@esbuild/android-arm64@0.21.5":
    optional: true

  "@esbuild/android-arm@0.21.5":
    optional: true

  "@esbuild/android-x64@0.21.5":
    optional: true

  "@esbuild/darwin-arm64@0.21.5":
    optional: true

  "@esbuild/darwin-x64@0.21.5":
    optional: true

  "@esbuild/freebsd-arm64@0.21.5":
    optional: true

  "@esbuild/freebsd-x64@0.21.5":
    optional: true

  "@esbuild/linux-arm64@0.21.5":
    optional: true

  "@esbuild/linux-arm@0.21.5":
    optional: true

  "@esbuild/linux-ia32@0.21.5":
    optional: true

  "@esbuild/linux-loong64@0.21.5":
    optional: true

  "@esbuild/linux-mips64el@0.21.5":
    optional: true

  "@esbuild/linux-ppc64@0.21.5":
    optional: true

  "@esbuild/linux-riscv64@0.21.5":
    optional: true

  "@esbuild/linux-s390x@0.21.5":
    optional: true

  "@esbuild/linux-x64@0.21.5":
    optional: true

  "@esbuild/netbsd-x64@0.21.5":
    optional: true

  "@esbuild/openbsd-x64@0.21.5":
    optional: true

  "@esbuild/sunos-x64@0.21.5":
    optional: true

  "@esbuild/win32-arm64@0.21.5":
    optional: true

  "@esbuild/win32-ia32@0.21.5":
    optional: true

  "@esbuild/win32-x64@0.21.5":
    optional: true

  "@jridgewell/gen-mapping@0.3.5":
    dependencies:
      "@jridgewell/set-array": 1.2.1
      "@jridgewell/sourcemap-codec": 1.5.0
      "@jridgewell/trace-mapping": 0.3.25

  "@jridgewell/resolve-uri@3.1.2": {}

  "@jridgewell/set-array@1.2.1": {}

  "@jridgewell/sourcemap-codec@1.5.0": {}

  "@jridgewell/trace-mapping@0.3.25":
    dependencies:
      "@jridgewell/resolve-uri": 3.1.2
      "@jridgewell/sourcemap-codec": 1.5.0

  "@rollup/rollup-android-arm-eabi@4.21.0":
    optional: true

  "@rollup/rollup-android-arm64@4.21.0":
    optional: true

  "@rollup/rollup-darwin-arm64@4.21.0":
    optional: true

  "@rollup/rollup-darwin-x64@4.21.0":
    optional: true

  "@rollup/rollup-linux-arm-gnueabihf@4.21.0":
    optional: true

  "@rollup/rollup-linux-arm-musleabihf@4.21.0":
    optional: true

  "@rollup/rollup-linux-arm64-gnu@4.21.0":
    optional: true

  "@rollup/rollup-linux-arm64-musl@4.21.0":
    optional: true

  "@rollup/rollup-linux-powerpc64le-gnu@4.21.0":
    optional: true

  "@rollup/rollup-linux-riscv64-gnu@4.21.0":
    optional: true

  "@rollup/rollup-linux-s390x-gnu@4.21.0":
    optional: true

  "@rollup/rollup-linux-x64-gnu@4.21.0":
    optional: true

  "@rollup/rollup-linux-x64-musl@4.21.0":
    optional: true

  "@rollup/rollup-win32-arm64-msvc@4.21.0":
    optional: true

  "@rollup/rollup-win32-ia32-msvc@4.21.0":
    optional: true

  "@rollup/rollup-win32-x64-msvc@4.21.0":
    optional: true

  "@sveltejs/vite-plugin-svelte-inspector@2.1.0(@sveltejs/vite-plugin-svelte@3.1.2(svelte@4.2.19)(vite@5.4.11(lightningcss@1.29.1)))(svelte@4.2.19)(vite@5.4.11(lightningcss@1.29.1))":
    dependencies:
      "@sveltejs/vite-plugin-svelte": 3.1.2(svelte@4.2.19)(vite@5.4.11(lightningcss@1.29.1))
      debug: 4.3.5
      svelte: 4.2.19
      vite: 5.4.11(lightningcss@1.29.1)
    transitivePeerDependencies:
      - supports-color

  "@sveltejs/vite-plugin-svelte@3.1.2(svelte@4.2.19)(vite@5.4.11(lightningcss@1.29.1))":
    dependencies:
      "@sveltejs/vite-plugin-svelte-inspector": 2.1.0(@sveltejs/vite-plugin-svelte@3.1.2(svelte@4.2.19)(vite@5.4.11(lightningcss@1.29.1)))(svelte@4.2.19)(vite@5.4.11(lightningcss@1.29.1))
      debug: 4.3.5
      deepmerge: 4.3.1
      kleur: 4.1.5
      magic-string: 0.30.10
      svelte: 4.2.19
      svelte-hmr: 0.16.0(svelte@4.2.19)
      vite: 5.4.11(lightningcss@1.29.1)
      vitefu: 0.2.5(vite@5.4.11(lightningcss@1.29.1))
    transitivePeerDependencies:
      - supports-color

  "@tailwindcss/node@4.0.7":
    dependencies:
      enhanced-resolve: 5.18.1
      jiti: 2.4.2
      tailwindcss: 4.0.7

  "@tailwindcss/oxide-android-arm64@4.0.7":
    optional: true

  "@tailwindcss/oxide-darwin-arm64@4.0.7":
    optional: true

  "@tailwindcss/oxide-darwin-x64@4.0.7":
    optional: true

  "@tailwindcss/oxide-freebsd-x64@4.0.7":
    optional: true

  "@tailwindcss/oxide-linux-arm-gnueabihf@4.0.7":
    optional: true

  "@tailwindcss/oxide-linux-arm64-gnu@4.0.7":
    optional: true

  "@tailwindcss/oxide-linux-arm64-musl@4.0.7":
    optional: true

  "@tailwindcss/oxide-linux-x64-gnu@4.0.7":
    optional: true

  "@tailwindcss/oxide-linux-x64-musl@4.0.7":
    optional: true

  "@tailwindcss/oxide-win32-arm64-msvc@4.0.7":
    optional: true

  "@tailwindcss/oxide-win32-x64-msvc@4.0.7":
    optional: true

  "@tailwindcss/oxide@4.0.7":
    optionalDependencies:
      "@tailwindcss/oxide-android-arm64": 4.0.7
      "@tailwindcss/oxide-darwin-arm64": 4.0.7
      "@tailwindcss/oxide-darwin-x64": 4.0.7
      "@tailwindcss/oxide-freebsd-x64": 4.0.7
      "@tailwindcss/oxide-linux-arm-gnueabihf": 4.0.7
      "@tailwindcss/oxide-linux-arm64-gnu": 4.0.7
      "@tailwindcss/oxide-linux-arm64-musl": 4.0.7
      "@tailwindcss/oxide-linux-x64-gnu": 4.0.7
      "@tailwindcss/oxide-linux-x64-musl": 4.0.7
      "@tailwindcss/oxide-win32-arm64-msvc": 4.0.7
      "@tailwindcss/oxide-win32-x64-msvc": 4.0.7

  "@tailwindcss/vite@4.0.7(vite@5.4.11(lightningcss@1.29.1))":
    dependencies:
      "@tailwindcss/node": 4.0.7
      "@tailwindcss/oxide": 4.0.7
      lightningcss: 1.29.1
      tailwindcss: 4.0.7
      vite: 5.4.11(lightningcss@1.29.1)

  "@tsconfig/svelte@5.0.4": {}

  "@types/estree@1.0.5": {}

  acorn@8.12.1: {}

  aria-query@5.3.0:
    dependencies:
      dequal: 2.0.3

  axobject-query@4.0.0:
    dependencies:
      dequal: 2.0.3

  chokidar@4.0.1:
    dependencies:
      readdirp: 4.0.1

  code-red@1.0.4:
    dependencies:
      "@jridgewell/sourcemap-codec": 1.5.0
      "@types/estree": 1.0.5
      acorn: 8.12.1
      estree-walker: 3.0.3
      periscopic: 3.1.0

  css-tree@2.3.1:
    dependencies:
      mdn-data: 2.0.30
      source-map-js: 1.2.1

  debug@4.3.5:
    dependencies:
      ms: 2.1.2

  deepmerge@4.3.1: {}

  dequal@2.0.3: {}

  detect-libc@1.0.3: {}

  enhanced-resolve@5.18.1:
    dependencies:
      graceful-fs: 4.2.11
      tapable: 2.2.1

  esbuild@0.21.5:
    optionalDependencies:
      "@esbuild/aix-ppc64": 0.21.5
      "@esbuild/android-arm": 0.21.5
      "@esbuild/android-arm64": 0.21.5
      "@esbuild/android-x64": 0.21.5
      "@esbuild/darwin-arm64": 0.21.5
      "@esbuild/darwin-x64": 0.21.5
      "@esbuild/freebsd-arm64": 0.21.5
      "@esbuild/freebsd-x64": 0.21.5
      "@esbuild/linux-arm": 0.21.5
      "@esbuild/linux-arm64": 0.21.5
      "@esbuild/linux-ia32": 0.21.5
      "@esbuild/linux-loong64": 0.21.5
      "@esbuild/linux-mips64el": 0.21.5
      "@esbuild/linux-ppc64": 0.21.5
      "@esbuild/linux-riscv64": 0.21.5
      "@esbuild/linux-s390x": 0.21.5
      "@esbuild/linux-x64": 0.21.5
      "@esbuild/netbsd-x64": 0.21.5
      "@esbuild/openbsd-x64": 0.21.5
      "@esbuild/sunos-x64": 0.21.5
      "@esbuild/win32-arm64": 0.21.5
      "@esbuild/win32-ia32": 0.21.5
      "@esbuild/win32-x64": 0.21.5

  estree-walker@3.0.3:
    dependencies:
      "@types/estree": 1.0.5

  fdir@6.3.0: {}

  fsevents@2.3.3:
    optional: true

  graceful-fs@4.2.11: {}

  is-reference@3.0.2:
    dependencies:
      "@types/estree": 1.0.5

  jiti@2.4.2: {}

  kleur@4.1.5: {}

  lightningcss-darwin-arm64@1.29.1:
    optional: true

  lightningcss-darwin-x64@1.29.1:
    optional: true

  lightningcss-freebsd-x64@1.29.1:
    optional: true

  lightningcss-linux-arm-gnueabihf@1.29.1:
    optional: true

  lightningcss-linux-arm64-gnu@1.29.1:
    optional: true

  lightningcss-linux-arm64-musl@1.29.1:
    optional: true

  lightningcss-linux-x64-gnu@1.29.1:
    optional: true

  lightningcss-linux-x64-musl@1.29.1:
    optional: true

  lightningcss-win32-arm64-msvc@1.29.1:
    optional: true

  lightningcss-win32-x64-msvc@1.29.1:
    optional: true

  lightningcss@1.29.1:
    dependencies:
      detect-libc: 1.0.3
    optionalDependencies:
      lightningcss-darwin-arm64: 1.29.1
      lightningcss-darwin-x64: 1.29.1
      lightningcss-freebsd-x64: 1.29.1
      lightningcss-linux-arm-gnueabihf: 1.29.1
      lightningcss-linux-arm64-gnu: 1.29.1
      lightningcss-linux-arm64-musl: 1.29.1
      lightningcss-linux-x64-gnu: 1.29.1
      lightningcss-linux-x64-musl: 1.29.1
      lightningcss-win32-arm64-msvc: 1.29.1
      lightningcss-win32-x64-msvc: 1.29.1

  locate-character@3.0.0: {}

  magic-string@0.30.10:
    dependencies:
      "@jridgewell/sourcemap-codec": 1.5.0

  mdn-data@2.0.30: {}

  mri@1.2.0: {}

  ms@2.1.2: {}

  nanoid@3.3.8: {}

  periscopic@3.1.0:
    dependencies:
      "@types/estree": 1.0.5
      estree-walker: 3.0.3
      is-reference: 3.0.2

  picocolors@1.1.1: {}

  postcss@8.5.2:
    dependencies:
      nanoid: 3.3.8
      picocolors: 1.1.1
      source-map-js: 1.2.1

  prettier@3.5.2: {}

  readdirp@4.0.1: {}

  rollup@4.21.0:
    dependencies:
      "@types/estree": 1.0.5
    optionalDependencies:
      "@rollup/rollup-android-arm-eabi": 4.21.0
      "@rollup/rollup-android-arm64": 4.21.0
      "@rollup/rollup-darwin-arm64": 4.21.0
      "@rollup/rollup-darwin-x64": 4.21.0
      "@rollup/rollup-linux-arm-gnueabihf": 4.21.0
      "@rollup/rollup-linux-arm-musleabihf": 4.21.0
      "@rollup/rollup-linux-arm64-gnu": 4.21.0
      "@rollup/rollup-linux-arm64-musl": 4.21.0
      "@rollup/rollup-linux-powerpc64le-gnu": 4.21.0
      "@rollup/rollup-linux-riscv64-gnu": 4.21.0
      "@rollup/rollup-linux-s390x-gnu": 4.21.0
      "@rollup/rollup-linux-x64-gnu": 4.21.0
      "@rollup/rollup-linux-x64-musl": 4.21.0
      "@rollup/rollup-win32-arm64-msvc": 4.21.0
      "@rollup/rollup-win32-ia32-msvc": 4.21.0
      "@rollup/rollup-win32-x64-msvc": 4.21.0
      fsevents: 2.3.3

  sade@1.8.1:
    dependencies:
      mri: 1.2.0

  source-map-js@1.2.1: {}

  svelte-check@4.1.4(svelte@4.2.19)(typescript@5.8.2):
    dependencies:
      "@jridgewell/trace-mapping": 0.3.25
      chokidar: 4.0.1
      fdir: 6.3.0
      picocolors: 1.1.1
      sade: 1.8.1
      svelte: 4.2.19
      typescript: 5.8.2
    transitivePeerDependencies:
      - picomatch

  svelte-hmr@0.16.0(svelte@4.2.19):
    dependencies:
      svelte: 4.2.19

  svelte@4.2.19:
    dependencies:
      "@ampproject/remapping": 2.3.0
      "@jridgewell/sourcemap-codec": 1.5.0
      "@jridgewell/trace-mapping": 0.3.25
      "@types/estree": 1.0.5
      acorn: 8.12.1
      aria-query: 5.3.0
      axobject-query: 4.0.0
      code-red: 1.0.4
      css-tree: 2.3.1
      estree-walker: 3.0.3
      is-reference: 3.0.2
      locate-character: 3.0.0
      magic-string: 0.30.10
      periscopic: 3.1.0

  tailwindcss@4.0.7: {}

  tailwindcss@4.0.9: {}

  tapable@2.2.1: {}

  tslib@2.8.1: {}

  typescript@5.8.2: {}

  vite@5.4.11(lightningcss@1.29.1):
    dependencies:
      esbuild: 0.21.5
      postcss: 8.5.2
      rollup: 4.21.0
    optionalDependencies:
      fsevents: 2.3.3
      lightningcss: 1.29.1

  vitefu@0.2.5(vite@5.4.11(lightningcss@1.29.1)):
    optionalDependencies:
      vite: 5.4.11(lightningcss@1.29.1)
